// !$*UTF8*$!
{
	archiveVersion = 1;
	classes = {
	};
	objectVersion = 46;
	objects = {

/* Begin PBXBuildFile section */
		CA5D7CA5AB94628BFD0498A7 /* libPods-PhoneBrowserDemo.a in Frameworks */ = {isa = PBXBuildFile; fileRef = 43ED3E5B95DD06DB6D31A0E8 /* libPods-PhoneBrowserDemo.a */; };
		EAAEDAC01EE4417400C46E9D /* main.m in Sources */ = {isa = PBXBuildFile; fileRef = EAAEDABF1EE4417400C46E9D /* main.m */; };
		EAAEDAC31EE4417400C46E9D /* AppDelegate.m in Sources */ = {isa = PBXBuildFile; fileRef = EAAEDAC21EE4417400C46E9D /* AppDelegate.m */; };
		EAAEDACB1EE4417400C46E9D /* Assets.xcassets in Resources */ = {isa = PBXBuildFile; fileRef = EAAEDACA1EE4417400C46E9D /* Assets.xcassets */; };
		EAAEDACE1EE4417400C46E9D /* LaunchScreen.storyboard in Resources */ = {isa = PBXBuildFile; fileRef = EAAEDACC1EE4417400C46E9D /* LaunchScreen.storyboard */; };
		EAAEDADB1EE441B700C46E9D /* OneViewController.m in Sources */ = {isa = PBXBuildFile; fileRef = EAAEDAD61EE441B700C46E9D /* OneViewController.m */; };
		EAAEDADC1EE441B700C46E9D /* YHNavigationController.m in Sources */ = {isa = PBXBuildFile; fileRef = EAAEDAD81EE441B700C46E9D /* YHNavigationController.m */; };
		EAAEDADD1EE441B700C46E9D /* YHViewController.m in Sources */ = {isa = PBXBuildFile; fileRef = EAAEDADA1EE441B700C46E9D /* YHViewController.m */; };
		EAAEDAE71EE441CD00C46E9D /* YHPhotoBrowserConfig.m in Sources */ = {isa = PBXBuildFile; fileRef = EAAEDAE01EE441CD00C46E9D /* YHPhotoBrowserConfig.m */; };
		EAAEDAE81EE441CD00C46E9D /* YHPhotoBrowserContentView.m in Sources */ = {isa = PBXBuildFile; fileRef = EAAEDAE21EE441CD00C46E9D /* YHPhotoBrowserContentView.m */; };
		EAAEDAE91EE441CD00C46E9D /* YHPhotoBrowserLoadingView.m in Sources */ = {isa = PBXBuildFile; fileRef = EAAEDAE41EE441CD00C46E9D /* YHPhotoBrowserLoadingView.m */; };
		EAAEDAEA1EE441CD00C46E9D /* YHPhotoBrowserView.m in Sources */ = {isa = PBXBuildFile; fileRef = EAAEDAE61EE441CD00C46E9D /* YHPhotoBrowserView.m */; };
/* End PBXBuildFile section */

/* Begin PBXFileReference section */
		43ED3E5B95DD06DB6D31A0E8 /* libPods-PhoneBrowserDemo.a */ = {isa = PBXFileReference; explicitFileType = archive.ar; includeInIndex = 0; path = "libPods-PhoneBrowserDemo.a"; sourceTree = BUILT_PRODUCTS_DIR; };
		50C05ACCCC38236EB88612BB /* Pods-PhoneBrowserDemo.release.xcconfig */ = {isa = PBXFileReference; includeInIndex = 1; lastKnownFileType = text.xcconfig; name = "Pods-PhoneBrowserDemo.release.xcconfig"; path = "Pods/Target Support Files/Pods-PhoneBrowserDemo/Pods-PhoneBrowserDemo.release.xcconfig"; sourceTree = "<group>"; };
		8DF59E452C21C7E23C279763 /* Pods-PhoneBrowserDemo.debug.xcconfig */ = {isa = PBXFileReference; includeInIndex = 1; lastKnownFileType = text.xcconfig; name = "Pods-PhoneBrowserDemo.debug.xcconfig"; path = "Pods/Target Support Files/Pods-PhoneBrowserDemo/Pods-PhoneBrowserDemo.debug.xcconfig"; sourceTree = "<group>"; };
		EAAEDABB1EE4417400C46E9D /* PhoneBrowserDemo.app */ = {isa = PBXFileReference; explicitFileType = wrapper.application; includeInIndex = 0; path = PhoneBrowserDemo.app; sourceTree = BUILT_PRODUCTS_DIR; };
		EAAEDABF1EE4417400C46E9D /* main.m */ = {isa = PBXFileReference; lastKnownFileType = sourcecode.c.objc; path = main.m; sourceTree = "<group>"; };
		EAAEDAC11EE4417400C46E9D /* AppDelegate.h */ = {isa = PBXFileReference; lastKnownFileType = sourcecode.c.h; path = AppDelegate.h; sourceTree = "<group>"; };
		EAAEDAC21EE4417400C46E9D /* AppDelegate.m */ = {isa = PBXFileReference; lastKnownFileType = sourcecode.c.objc; path = AppDelegate.m; sourceTree = "<group>"; };
		EAAEDACA1EE4417400C46E9D /* Assets.xcassets */ = {isa = PBXFileReference; lastKnownFileType = folder.assetcatalog; path = Assets.xcassets; sourceTree = "<group>"; };
		EAAEDACD1EE4417400C46E9D /* Base */ = {isa = PBXFileReference; lastKnownFileType = file.storyboard; name = Base; path = Base.lproj/LaunchScreen.storyboard; sourceTree = "<group>"; };
		EAAEDACF1EE4417400C46E9D /* Info.plist */ = {isa = PBXFileReference; lastKnownFileType = text.plist.xml; path = Info.plist; sourceTree = "<group>"; };
		EAAEDAD51EE441B700C46E9D /* OneViewController.h */ = {isa = PBXFileReference; fileEncoding = 4; lastKnownFileType = sourcecode.c.h; path = OneViewController.h; sourceTree = "<group>"; };
		EAAEDAD61EE441B700C46E9D /* OneViewController.m */ = {isa = PBXFileReference; fileEncoding = 4; lastKnownFileType = sourcecode.c.objc; path = OneViewController.m; sourceTree = "<group>"; };
		EAAEDAD71EE441B700C46E9D /* YHNavigationController.h */ = {isa = PBXFileReference; fileEncoding = 4; lastKnownFileType = sourcecode.c.h; path = YHNavigationController.h; sourceTree = "<group>"; };
		EAAEDAD81EE441B700C46E9D /* YHNavigationController.m */ = {isa = PBXFileReference; fileEncoding = 4; lastKnownFileType = sourcecode.c.objc; path = YHNavigationController.m; sourceTree = "<group>"; };
		EAAEDAD91EE441B700C46E9D /* YHViewController.h */ = {isa = PBXFileReference; fileEncoding = 4; lastKnownFileType = sourcecode.c.h; path = YHViewController.h; sourceTree = "<group>"; };
		EAAEDADA1EE441B700C46E9D /* YHViewController.m */ = {isa = PBXFileReference; fileEncoding = 4; lastKnownFileType = sourcecode.c.objc; path = YHViewController.m; sourceTree = "<group>"; };
		EAAEDADF1EE441CD00C46E9D /* YHPhotoBrowserConfig.h */ = {isa = PBXFileReference; fileEncoding = 4; lastKnownFileType = sourcecode.c.h; path = YHPhotoBrowserConfig.h; sourceTree = "<group>"; };
		EAAEDAE01EE441CD00C46E9D /* YHPhotoBrowserConfig.m */ = {isa = PBXFileReference; fileEncoding = 4; lastKnownFileType = sourcecode.c.objc; path = YHPhotoBrowserConfig.m; sourceTree = "<group>"; };
		EAAEDAE11EE441CD00C46E9D /* YHPhotoBrowserContentView.h */ = {isa = PBXFileReference; fileEncoding = 4; lastKnownFileType = sourcecode.c.h; path = YHPhotoBrowserContentView.h; sourceTree = "<group>"; };
		EAAEDAE21EE441CD00C46E9D /* YHPhotoBrowserContentView.m */ = {isa = PBXFileReference; fileEncoding = 4; lastKnownFileType = sourcecode.c.objc; path = YHPhotoBrowserContentView.m; sourceTree = "<group>"; };
		EAAEDAE31EE441CD00C46E9D /* YHPhotoBrowserLoadingView.h */ = {isa = PBXFileReference; fileEncoding = 4; lastKnownFileType = sourcecode.c.h; path = YHPhotoBrowserLoadingView.h; sourceTree = "<group>"; };
		EAAEDAE41EE441CD00C46E9D /* YHPhotoBrowserLoadingView.m */ = {isa = PBXFileReference; fileEncoding = 4; lastKnownFileType = sourcecode.c.objc; path = YHPhotoBrowserLoadingView.m; sourceTree = "<group>"; };
		EAAEDAE51EE441CD00C46E9D /* YHPhotoBrowserView.h */ = {isa = PBXFileReference; fileEncoding = 4; lastKnownFileType = sourcecode.c.h; path = YHPhotoBrowserView.h; sourceTree = "<group>"; };
		EAAEDAE61EE441CD00C46E9D /* YHPhotoBrowserView.m */ = {isa = PBXFileReference; fileEncoding = 4; lastKnownFileType = sourcecode.c.objc; path = YHPhotoBrowserView.m; sourceTree = "<group>"; };
/* End PBXFileReference section */

/* Begin PBXFrameworksBuildPhase section */
		EAAEDAB81EE4417400C46E9D /* Frameworks */ = {
			isa = PBXFrameworksBuildPhase;
			buildActionMask = 2147483647;
			files = (
				CA5D7CA5AB94628BFD0498A7 /* libPods-PhoneBrowserDemo.a in Frameworks */,
			);
			runOnlyForDeploymentPostprocessing = 0;
		};
/* End PBXFrameworksBuildPhase section */

/* Begin PBXGroup section */
		6DC9DCC90D34B149196FDECD /* Frameworks */ = {
			isa = PBXGroup;
			children = (
				43ED3E5B95DD06DB6D31A0E8 /* libPods-PhoneBrowserDemo.a */,
			);
			name = Frameworks;
			sourceTree = "<group>";
		};
		750D19EA0971B609B3FA5BC5 /* Pods */ = {
			isa = PBXGroup;
			children = (
				8DF59E452C21C7E23C279763 /* Pods-PhoneBrowserDemo.debug.xcconfig */,
				50C05ACCCC38236EB88612BB /* Pods-PhoneBrowserDemo.release.xcconfig */,
			);
			name = Pods;
			sourceTree = "<group>";
		};
		EAAEDAB21EE4417400C46E9D = {
			isa = PBXGroup;
			children = (
				EAAEDABD1EE4417400C46E9D /* PhoneBrowserDemo */,
				EAAEDABC1EE4417400C46E9D /* Products */,
				750D19EA0971B609B3FA5BC5 /* Pods */,
				6DC9DCC90D34B149196FDECD /* Frameworks */,
			);
			sourceTree = "<group>";
		};
		EAAEDABC1EE4417400C46E9D /* Products */ = {
			isa = PBXGroup;
			children = (
				EAAEDABB1EE4417400C46E9D /* PhoneBrowserDemo.app */,
			);
			name = Products;
			sourceTree = "<group>";
		};
		EAAEDABD1EE4417400C46E9D /* PhoneBrowserDemo */ = {
			isa = PBXGroup;
			children = (
				EAAEDAC11EE4417400C46E9D /* AppDelegate.h */,
				EAAEDAC21EE4417400C46E9D /* AppDelegate.m */,
				EAAEDAD51EE441B700C46E9D /* OneViewController.h */,
				EAAEDAD61EE441B700C46E9D /* OneViewController.m */,
				EAAEDAD71EE441B700C46E9D /* YHNavigationController.h */,
				EAAEDAD81EE441B700C46E9D /* YHNavigationController.m */,
				EAAEDAD91EE441B700C46E9D /* YHViewController.h */,
				EAAEDADA1EE441B700C46E9D /* YHViewController.m */,
				EAAEDADE1EE441CD00C46E9D /* PhotoBrowser */,
				EAAEDABE1EE4417400C46E9D /* Supporting Files */,
			);
			path = PhoneBrowserDemo;
			sourceTree = "<group>";
		};
		EAAEDABE1EE4417400C46E9D /* Supporting Files */ = {
			isa = PBXGroup;
			children = (
				EAAEDACA1EE4417400C46E9D /* Assets.xcassets */,
				EAAEDACC1EE4417400C46E9D /* LaunchScreen.storyboard */,
				EAAEDACF1EE4417400C46E9D /* Info.plist */,
				EAAEDABF1EE4417400C46E9D /* main.m */,
			);
			name = "Supporting Files";
			sourceTree = "<group>";
		};
		EAAEDADE1EE441CD00C46E9D /* PhotoBrowser */ = {
			isa = PBXGroup;
			children = (
				EAAEDADF1EE441CD00C46E9D /* YHPhotoBrowserConfig.h */,
				EAAEDAE01EE441CD00C46E9D /* YHPhotoBrowserConfig.m */,
				EAAEDAE11EE441CD00C46E9D /* YHPhotoBrowserContentView.h */,
				EAAEDAE21EE441CD00C46E9D /* YHPhotoBrowserContentView.m */,
				EAAEDAE31EE441CD00C46E9D /* YHPhotoBrowserLoadingView.h */,
				EAAEDAE41EE441CD00C46E9D /* YHPhotoBrowserLoadingView.m */,
				EAAEDAE51EE441CD00C46E9D /* YHPhotoBrowserView.h */,
				EAAEDAE61EE441CD00C46E9D /* YHPhotoBrowserView.m */,
			);
			path = PhotoBrowser;
			sourceTree = "<group>";
		};
/* End PBXGroup section */

/* Begin PBXNativeTarget section */
		EAAEDABA1EE4417400C46E9D /* PhoneBrowserDemo */ = {
			isa = PBXNativeTarget;
			buildConfigurationList = EAAEDAD21EE4417400C46E9D /* Build configuration list for PBXNativeTarget "PhoneBrowserDemo" */;
			buildPhases = (
				40B5591F6ED409F658079BBF /* [CP] Check Pods Manifest.lock */,
				EAAEDAB71EE4417400C46E9D /* Sources */,
				EAAEDAB81EE4417400C46E9D /* Frameworks */,
				EAAEDAB91EE4417400C46E9D /* Resources */,
				C0F2A6D6D236E68346233999 /* [CP] Embed Pods Frameworks */,
				9B6BFA90E054E8F7DDB74962 /* [CP] Copy Pods Resources */,
			);
			buildRules = (
			);
			dependencies = (
			);
			name = PhoneBrowserDemo;
			productName = PhoneBrowserDemo;
			productReference = EAAEDABB1EE4417400C46E9D /* PhoneBrowserDemo.app */;
			productType = "com.apple.product-type.application";
		};
/* End PBXNativeTarget section */

/* Begin PBXProject section */
		EAAEDAB31EE4417400C46E9D /* Project object */ = {
			isa = PBXProject;
			attributes = {
				LastUpgradeCheck = 0830;
				ORGANIZATIONNAME = YYH;
				TargetAttributes = {
					EAAEDABA1EE4417400C46E9D = {
						CreatedOnToolsVersion = 8.3.2;
						ProvisioningStyle = Automatic;
					};
				};
			};
			buildConfigurationList = EAAEDAB61EE4417400C46E9D /* Build configuration list for PBXProject "PhoneBrowserDemo" */;
			compatibilityVersion = "Xcode 3.2";
			developmentRegion = English;
			hasScannedForEncodings = 0;
			knownRegions = (
				en,
				Base,
			);
			mainGroup = EAAEDAB21EE4417400C46E9D;
			productRefGroup = EAAEDABC1EE4417400C46E9D /* Products */;
			projectDirPath = "";
			projectRoot = "";
			targets = (
				EAAEDABA1EE4417400C46E9D /* PhoneBrowserDemo */,
			);
		};
/* End PBXProject section */

/* Begin PBXResourcesBuildPhase section */
		EAAEDAB91EE4417400C46E9D /* Resources */ = {
			isa = PBXResourcesBuildPhase;
			buildActionMask = 2147483647;
			files = (
				EAAEDACE1EE4417400C46E9D /* LaunchScreen.storyboard in Resources */,
				EAAEDACB1EE4417400C46E9D /* Assets.xcassets in Resources */,
			);
			runOnlyForDeploymentPostprocessing = 0;
		};
/* End PBXResourcesBuildPhase section */

/* Begin PBXShellScriptBuildPhase section */
		40B5591F6ED409F658079BBF /* [CP] Check Pods Manifest.lock */ = {
			isa = PBXShellScriptBuildPhase;
			buildActionMask = 2147483647;
			files = (
			);
			inputPaths = (
			);
			name = "[CP] Check Pods Manifest.lock";
			outputPaths = (
			);
			runOnlyForDeploymentPostprocessing = 0;
			shellPath = /bin/sh;
			shellScript = "diff \"${PODS_PODFILE_DIR_PATH}/Podfile.lock\" \"${PODS_ROOT}/Manifest.lock\" > /dev/null\nif [ $? != 0 ] ; then\n    # print error to STDERR\n    echo \"error: The sandbox is not in sync with the Podfile.lock. Run 'pod install' or update your CocoaPods installation.\" >&2\n    exit 1\nfi\n";
			showEnvVarsInLog = 0;
		};
		9B6BFA90E054E8F7DDB74962 /* [CP] Copy Pods Resources */ = {
			isa = PBXShellScriptBuildPhase;
			buildActionMask = 2147483647;
			files = (
			);
			inputPaths = (
			);
			name = "[CP] Copy Pods Resources";
			outputPaths = (
			);
			runOnlyForDeploymentPostprocessing = 0;
			shellPath = /bin/sh;
			shellScript = "\"${SRCROOT}/Pods/Target Support Files/Pods-PhoneBrowserDemo/Pods-PhoneBrowserDemo-resources.sh\"\n";
			showEnvVarsInLog = 0;
		};
		C0F2A6D6D236E68346233999 /* [CP] Embed Pods Frameworks */ = {
			isa = PBXShellScriptBuildPhase;
			buildActionMask = 2147483647;
			files = (
			);
			inputPaths = (
			);
			name = "[CP] Embed Pods Frameworks";
			outputPaths = (
			);
			runOnlyForDeploymentPostprocessing = 0;
			shellPath = /bin/sh;
			shellScript = "\"${SRCROOT}/Pods/Target Support Files/Pods-PhoneBrowserDemo/Pods-PhoneBrowserDemo-frameworks.sh\"\n";
			showEnvVarsInLog = 0;
		};
/* End PBXShellScriptBuildPhase section */

/* Begin PBXSourcesBuildPhase section */
		EAAEDAB71EE4417400C46E9D /* Sources */ = {
			isa = PBXSourcesBuildPhase;
			buildActionMask = 2147483647;
			files = (
				EAAEDADC1EE441B700C46E9D /* YHNavigationController.m in Sources */,
				EAAEDADD1EE441B700C46E9D /* YHViewController.m in Sources */,
				EAAEDAC31EE4417400C46E9D /* AppDelegate.m in Sources */,
				EAAEDAC01EE4417400C46E9D /* main.m in Sources */,
				EAAEDAEA1EE441CD00C46E9D /* YHPhotoBrowserView.m in Sources */,
				EAAEDAE71EE441CD00C46E9D /* YHPhotoBrowserConfig.m in Sources */,
				EAAEDAE81EE441CD00C46E9D /* YHPhotoBrowserContentView.m in Sources */,
				EAAEDAE91EE441CD00C46E9D /* YHPhotoBrowserLoadingView.m in Sources */,
				EAAEDADB1EE441B700C46E9D /* OneViewController.m in Sources */,
			);
			runOnlyForDeploymentPostprocessing = 0;
		};
/* End PBXSourcesBuildPhase section */

/* Begin PBXVariantGroup section */
		EAAEDACC1EE4417400C46E9D /* LaunchScreen.storyboard */ = {
			isa = PBXVariantGroup;
			children = (
				EAAEDACD1EE4417400C46E9D /* Base */,
			);
			name = LaunchScreen.storyboard;
			sourceTree = "<group>";
		};
/* End PBXVariantGroup section */

/* Begin XCBuildConfiguration section */
		EAAEDAD01EE4417400C46E9D /* Debug */ = {
			isa = XCBuildConfiguration;
			buildSettings = {
				ALWAYS_SEARCH_USER_PATHS = NO;
				CLANG_ANALYZER_NONNULL = YES;
				CLANG_ANALYZER_NUMBER_OBJECT_CONVERSION = YES_AGGRESSIVE;
				CLANG_CXX_LANGUAGE_STANDARD = "gnu++0x";
				CLANG_CXX_LIBRARY = "libc++";
				CLANG_ENABLE_MODULES = YES;
				CLANG_ENABLE_OBJC_ARC = YES;
				CLANG_WARN_BOOL_CONVERSION = YES;
				CLANG_WARN_CONSTANT_CONVERSION = YES;
				CLANG_WARN_DIRECT_OBJC_ISA_USAGE = YES_ERROR;
				CLANG_WARN_DOCUMENTATION_COMMENTS = YES;
				CLANG_WARN_EMPTY_BODY = YES;
				CLANG_WARN_ENUM_CONVERSION = YES;
				CLANG_WARN_INFINITE_RECURSION = YES;
				CLANG_WARN_INT_CONVERSION = YES;
				CLANG_WARN_OBJC_ROOT_CLASS = YES_ERROR;
				CLANG_WARN_SUSPICIOUS_MOVE = YES;
				CLANG_WARN_UNREACHABLE_CODE = YES;
				CLANG_WARN__DUPLICATE_METHOD_MATCH = YES;
				"CODE_SIGN_IDENTITY[sdk=iphoneos*]" = "iPhone Developer";
				COPY_PHASE_STRIP = NO;
				DEBUG_INFORMATION_FORMAT = dwarf;
				ENABLE_STRICT_OBJC_MSGSEND = YES;
				ENABLE_TESTABILITY = YES;
				GCC_C_LANGUAGE_STANDARD = gnu99;
				GCC_DYNAMIC_NO_PIC = NO;
				GCC_NO_COMMON_BLOCKS = YES;
				GCC_OPTIMIZATION_LEVEL = 0;
				GCC_PREPROCESSOR_DEFINITIONS = (
					"DEBUG=1",
					"$(inherited)",
				);
				GCC_WARN_64_TO_32_BIT_CONVERSION = YES;
				GCC_WARN_ABOUT_RETURN_TYPE = YES_ERROR;
				GCC_WARN_UNDECLARED_SELECTOR = YES;
				GCC_WARN_UNINITIALIZED_AUTOS = YES_AGGRESSIVE;
				GCC_WARN_UNUSED_FUNCTION = YES;
				GCC_WARN_UNUSED_VARIABLE = YES;
				IPHONEOS_DEPLOYMENT_TARGET = 10.3;
				MTL_ENABLE_DEBUG_INFO = YES;
				ONLY_ACTIVE_ARCH = YES;
				SDKROOT = iphoneos;
				TARGETED_DEVICE_FAMILY = "1,2";
			};
			name = Debug;
		};
		EAAEDAD11EE4417400C46E9D /* Release */ = {
			isa = XCBuildConfiguration;
			buildSettings = {
				ALWAYS_SEARCH_USER_PATHS = NO;
				CLANG_ANALYZER_NONNULL = YES;
				CLANG_ANALYZER_NUMBER_OBJECT_CONVERSION = YES_AGGRESSIVE;
				CLANG_CXX_LANGUAGE_STANDARD = "gnu++0x";
				CLANG_CXX_LIBRARY = "libc++";
				CLANG_ENABLE_MODULES = YES;
				CLANG_ENABLE_OBJC_ARC = YES;
				CLANG_WARN_BOOL_CONVERSION = YES;
				CLANG_WARN_CONSTANT_CONVERSION = YES;
				CLANG_WARN_DIRECT_OBJC_ISA_USAGE = YES_ERROR;
				CLANG_WARN_DOCUMENTATION_COMMENTS = YES;
				CLANG_WARN_EMPTY_BODY = YES;
				CLANG_WARN_ENUM_CONVERSION = YES;
				CLANG_WARN_INFINITE_RECURSION = YES;
				CLANG_WARN_INT_CONVERSION = YES;
				CLANG_WARN_OBJC_ROOT_CLASS = YES_ERROR;
				CLANG_WARN_SUSPICIOUS_MOVE = YES;
				CLANG_WARN_UNREACHABLE_CODE = YES;
				CLANG_WARN__DUPLICATE_METHOD_MATCH = YES;
				"CODE_SIGN_IDENTITY[sdk=iphoneos*]" = "iPhone Developer";
				COPY_PHASE_STRIP = NO;
				DEBUG_INFORMATION_FORMAT = "dwarf-with-dsym";
				ENABLE_NS_ASSERTIONS = NO;
				ENABLE_STRICT_OBJC_MSGSEND = YES;
				GCC_C_LANGUAGE_STANDARD = gnu99;
				GCC_NO_COMMON_BLOCKS = YES;
				GCC_WARN_64_TO_32_BIT_CONVERSION = YES;
				GCC_WARN_ABOUT_RETURN_TYPE = YES_ERROR;
				GCC_WARN_UNDECLARED_SELECTOR = YES;
				GCC_WARN_UNINITIALIZED_AUTOS = YES_AGGRESSIVE;
				GCC_WARN_UNUSED_FUNCTION = YES;
				GCC_WARN_UNUSED_VARIABLE = YES;
				IPHONEOS_DEPLOYMENT_TARGET = 10.3;
				MTL_ENABLE_DEBUG_INFO = NO;
				SDKROOT = iphoneos;
				TARGETED_DEVICE_FAMILY = "1,2";
				VALIDATE_PRODUCT = YES;
			};
			name = Release;
		};
		EAAEDAD31EE4417400C46E9D /* Debug */ = {
			isa = XCBuildConfiguration;
			baseConfigurationReference = 8DF59E452C21C7E23C279763 /* Pods-PhoneBrowserDemo.debug.xcconfig */;
			buildSettings = {
				ASSETCATALOG_COMPILER_APPICON_NAME = AppIcon;
				INFOPLIST_FILE = PhoneBrowserDemo/Info.plist;
				IPHONEOS_DEPLOYMENT_TARGET = 8.0;
				LD_RUNPATH_SEARCH_PATHS = "$(inherited) @executable_path/Frameworks";
				PRODUCT_BUNDLE_IDENTIFIER = com.YYH.PhoneBrowserDemo;
				PRODUCT_NAME = "$(TARGET_NAME)";
			};
			name = Debug;
		};
		EAAEDAD41EE4417400C46E9D /* Release */ = {
			isa = XCBuildConfiguration;
			baseConfigurationReference = 50C05ACCCC38236EB88612BB /* Pods-PhoneBrowserDemo.release.xcconfig */;
			buildSettings = {
				ASSETCATALOG_COMPILER_APPICON_NAME = AppIcon;
				INFOPLIST_FILE = PhoneBrowserDemo/Info.plist;
				IPHONEOS_DEPLOYMENT_TARGET = 8.0;
				LD_RUNPATH_SEARCH_PATHS = "$(inherited) @executable_path/Frameworks";
				PRODUCT_BUNDLE_IDENTIFIER = com.YYH.PhoneBrowserDemo;
				PRODUCT_NAME = "$(TARGET_NAME)";
			};
			name = Release;
		};
/* End XCBuildConfiguration section */

/* Begin XCConfigurationList section */
		EAAEDAB61EE4417400C46E9D /* Build configuration list for PBXProject "PhoneBrowserDemo" */ = {
			isa = XCConfigurationList;
			buildConfigurations = (
				EAAEDAD01EE4417400C46E9D /* Debug */,
				EAAEDAD11EE4417400C46E9D /* Release */,
			);
			defaultConfigurationIsVisible = 0;
			defaultConfigurationName = Release;
		};
		EAAEDAD21EE4417400C46E9D /* Build configuration list for PBXNativeTarget "PhoneBrowserDemo" */ = {
			isa = XCConfigurationList;
			buildConfigurations = (
				EAAEDAD31EE4417400C46E9D /* Debug */,
				EAAEDAD41EE4417400C46E9D /* Release */,
			);
			defaultConfigurationIsVisible = 0;
		};
/* End XCConfigurationList section */
	};
	rootObject = EAAEDAB31EE4417400C46E9D /* Project object */;
}
